version = 2

[[package]]
alias = "hello"
name = "hello_pkg"
source_kind = "path"
path = "../hello_pkg"
package_root = "/home/ubuntu/Documents/uya-slim/tests/fixtures/upm/path_dep/hello_pkg/"
source_root = "/home/ubuntu/Documents/uya-slim/tests/fixtures/upm/path_dep/hello_pkg/src/"
resolved_version = "0.1.0"
content_hash = "7f71fe86ee9812bf"

